
Microsoft Visual Studio Solution File, Format Version 12.00
# Visual Studio Version 17
VisualStudioVersion = 17.5.002.0
MinimumVisualStudioVersion = 10.0.40219.1
Project("{9A19103F-16F7-4668-BE54-9A1E7A4F7556}") = "ncs2501CSharp", "ncs2501CSharp.csproj", "{204015E2-874C-448B-99CA-662B283DFB82}"
EndProject
Global
	GlobalSection(SolutionConfigurationPlatforms) = preSolution
		Debug|Any CPU = Debug|Any CPU
		Release|Any CPU = Release|Any CPU
	EndGlobalSection
	GlobalSection(ProjectConfigurationPlatforms) = postSolution
		{204015E2-874C-448B-99CA-662B283DFB82}.Debug|Any CPU.ActiveCfg = Debug|Any CPU
		{204015E2-874C-448B-99CA-662B283DFB82}.Debug|Any CPU.Build.0 = Debug|Any CPU
		{204015E2-874C-448B-99CA-662B283DFB82}.Release|Any CPU.ActiveCfg = Release|Any CPU
		{204015E2-874C-448B-99CA-662B283DFB82}.Release|Any CPU.Build.0 = Release|Any CPU
	EndGlobalSection
	GlobalSection(SolutionProperties) = preSolution
		HideSolutionNode = FALSE
	EndGlobalSection
	GlobalSection(ExtensibilityGlobals) = postSolution
		SolutionGuid = {807081D6-1E12-4337-A580-04056F09AD81}
	EndGlobalSection
EndGlobal
